
Microsoft Visual Studio Solution File, Format Version 12.00
# Visual Studio Version 17
VisualStudioVersion = 17.2.32630.192
MinimumVisualStudioVersion = 10.0.40219.1
Project("{9A19103F-16F7-4668-BE54-9A1E7A4F7556}") = "Eddy.Tests", "Eddy.Tests\Eddy.Tests.csproj", "{39ABDACE-EF96-4FB0-85F7-06C32CC2BCAF}"
EndProject
Project("{2150E333-8FDC-42A3-9474-1A3956D46DE8}") = "Solution Items", "Solution Items", "{F5935B87-E31F-4429-923B-2224D47DD9AC}"
	ProjectSection(SolutionItems) = preProject
		Readme.Md = Readme.Md
	EndProjectSection
EndProject
Project("{9A19103F-16F7-4668-BE54-9A1E7A4F7556}") = "Eddy.ClassGenerator", "Eddy.ClassGenerator\Eddy.ClassGenerator.csproj", "{ACB06F72-B5CA-4124-9CF4-CE58DAE6EF14}"
EndProject
Project("{9A19103F-16F7-4668-BE54-9A1E7A4F7556}") = "Eddy.ClassGenerator.Lib", "Eddy.ClassGenerator.Lib\Eddy.ClassGenerator.Lib.csproj", "{AE199C3F-3F66-4880-8196-82C4947FB2DF}"
EndProject
Project("{9A19103F-16F7-4668-BE54-9A1E7A4F7556}") = "Eddy.Tests.Functional", "Eddy.Tests.Functional\Eddy.Tests.Functional.csproj", "{A451B438-2CFF-4FD7-8D75-44FF21740807}"
EndProject
Project("{9A19103F-16F7-4668-BE54-9A1E7A4F7556}") = "Eddy.x12", "Eddy.x12\Eddy.x12.csproj", "{65716958-B8F1-45D6-A4DB-593587C1BF02}"
EndProject
Project("{9A19103F-16F7-4668-BE54-9A1E7A4F7556}") = "Eddy.Core", "Eddy.Core\Eddy.Core.csproj", "{3E536632-D58C-49EB-866F-550296EB4881}"
EndProject
Project("{FAE04EC0-301F-11D3-BF4B-00C04F79EFBC}") = "Eddy.Tests.x12", "Eddy.Tests.x12\Eddy.Tests.x12.csproj", "{95C81A0A-7A37-4226-A225-928E20DE91B6}"
EndProject
Global
	GlobalSection(SolutionConfigurationPlatforms) = preSolution
		Debug|Any CPU = Debug|Any CPU
		Release|Any CPU = Release|Any CPU
	EndGlobalSection
	GlobalSection(ProjectConfigurationPlatforms) = postSolution
		{39ABDACE-EF96-4FB0-85F7-06C32CC2BCAF}.Debug|Any CPU.ActiveCfg = Debug|Any CPU
		{39ABDACE-EF96-4FB0-85F7-06C32CC2BCAF}.Debug|Any CPU.Build.0 = Debug|Any CPU
		{39ABDACE-EF96-4FB0-85F7-06C32CC2BCAF}.Release|Any CPU.ActiveCfg = Release|Any CPU
		{39ABDACE-EF96-4FB0-85F7-06C32CC2BCAF}.Release|Any CPU.Build.0 = Release|Any CPU
		{ACB06F72-B5CA-4124-9CF4-CE58DAE6EF14}.Debug|Any CPU.ActiveCfg = Debug|Any CPU
		{ACB06F72-B5CA-4124-9CF4-CE58DAE6EF14}.Debug|Any CPU.Build.0 = Debug|Any CPU
		{ACB06F72-B5CA-4124-9CF4-CE58DAE6EF14}.Release|Any CPU.ActiveCfg = Release|Any CPU
		{ACB06F72-B5CA-4124-9CF4-CE58DAE6EF14}.Release|Any CPU.Build.0 = Release|Any CPU
		{AE199C3F-3F66-4880-8196-82C4947FB2DF}.Debug|Any CPU.ActiveCfg = Debug|Any CPU
		{AE199C3F-3F66-4880-8196-82C4947FB2DF}.Debug|Any CPU.Build.0 = Debug|Any CPU
		{AE199C3F-3F66-4880-8196-82C4947FB2DF}.Release|Any CPU.ActiveCfg = Release|Any CPU
		{AE199C3F-3F66-4880-8196-82C4947FB2DF}.Release|Any CPU.Build.0 = Release|Any CPU
		{A451B438-2CFF-4FD7-8D75-44FF21740807}.Debug|Any CPU.ActiveCfg = Debug|Any CPU
		{A451B438-2CFF-4FD7-8D75-44FF21740807}.Debug|Any CPU.Build.0 = Debug|Any CPU
		{A451B438-2CFF-4FD7-8D75-44FF21740807}.Release|Any CPU.ActiveCfg = Release|Any CPU
		{A451B438-2CFF-4FD7-8D75-44FF21740807}.Release|Any CPU.Build.0 = Release|Any CPU
		{65716958-B8F1-45D6-A4DB-593587C1BF02}.Debug|Any CPU.ActiveCfg = Debug|Any CPU
		{65716958-B8F1-45D6-A4DB-593587C1BF02}.Debug|Any CPU.Build.0 = Debug|Any CPU
		{65716958-B8F1-45D6-A4DB-593587C1BF02}.Release|Any CPU.ActiveCfg = Release|Any CPU
		{65716958-B8F1-45D6-A4DB-593587C1BF02}.Release|Any CPU.Build.0 = Release|Any CPU
		{3E536632-D58C-49EB-866F-550296EB4881}.Debug|Any CPU.ActiveCfg = Debug|Any CPU
		{3E536632-D58C-49EB-866F-550296EB4881}.Debug|Any CPU.Build.0 = Debug|Any CPU
		{3E536632-D58C-49EB-866F-550296EB4881}.Release|Any CPU.ActiveCfg = Release|Any CPU
		{3E536632-D58C-49EB-866F-550296EB4881}.Release|Any CPU.Build.0 = Release|Any CPU
		{95C81A0A-7A37-4226-A225-928E20DE91B6}.Debug|Any CPU.ActiveCfg = Debug|Any CPU
		{95C81A0A-7A37-4226-A225-928E20DE91B6}.Debug|Any CPU.Build.0 = Debug|Any CPU
		{95C81A0A-7A37-4226-A225-928E20DE91B6}.Release|Any CPU.ActiveCfg = Release|Any CPU
		{95C81A0A-7A37-4226-A225-928E20DE91B6}.Release|Any CPU.Build.0 = Release|Any CPU
	EndGlobalSection
	GlobalSection(SolutionProperties) = preSolution
		HideSolutionNode = FALSE
	EndGlobalSection
	GlobalSection(ExtensibilityGlobals) = postSolution
		SolutionGuid = {D58D1717-CF45-42BE-B5EE-1349EE67A48C}
	EndGlobalSection
EndGlobal
