
Microsoft Visual Studio Solution File, Format Version 12.00
# Visual Studio Version 17
VisualStudioVersion = 17.2.32630.192
MinimumVisualStudioVersion = 10.0.40219.1
Project("{9A19103F-16F7-4668-BE54-9A1E7A4F7556}") = "Eddy.Tests", "Eddy.Tests\Eddy.Tests.csproj", "{39ABDACE-EF96-4FB0-85F7-06C32CC2BCAF}"
EndProject
Project("{2150E333-8FDC-42A3-9474-1A3956D46DE8}") = "Solution Items", "Solution Items", "{F5935B87-E31F-4429-923B-2224D47DD9AC}"
	ProjectSection(SolutionItems) = preProject
		Readme.Md = Readme.Md
		.github\workflows\nuget-publish-core.yml = .github\workflows\nuget-publish-core.yml
	EndProjectSection
EndProject
Project("{9A19103F-16F7-4668-BE54-9A1E7A4F7556}") = "Eddy.ClassGenerator", "Eddy.ClassGenerator\Eddy.ClassGenerator.csproj", "{ACB06F72-B5CA-4124-9CF4-CE58DAE6EF14}"
EndProject
Project("{9A19103F-16F7-4668-BE54-9A1E7A4F7556}") = "Eddy.ClassGenerator.Lib", "Eddy.ClassGenerator.Lib\Eddy.ClassGenerator.Lib.csproj", "{AE199C3F-3F66-4880-8196-82C4947FB2DF}"
EndProject
Project("{9A19103F-16F7-4668-BE54-9A1E7A4F7556}") = "Eddy.Tests.Functional", "Eddy.Tests.Functional\Eddy.Tests.Functional.csproj", "{A451B438-2CFF-4FD7-8D75-44FF21740807}"
EndProject
Project("{9A19103F-16F7-4668-BE54-9A1E7A4F7556}") = "Eddy.x12", "Eddy.x12\Eddy.x12.csproj", "{65716958-B8F1-45D6-A4DB-593587C1BF02}"
EndProject
Project("{9A19103F-16F7-4668-BE54-9A1E7A4F7556}") = "Eddy.Core", "Eddy.Core\Eddy.Core.csproj", "{3E536632-D58C-49EB-866F-550296EB4881}"
EndProject
Project("{9A19103F-16F7-4668-BE54-9A1E7A4F7556}") = "Eddy.x12.Tests", "Eddy.Tests.x12\Eddy.x12.Tests.csproj", "{95C81A0A-7A37-4226-A225-928E20DE91B6}"
EndProject
Project("{9A19103F-16F7-4668-BE54-9A1E7A4F7556}") = "Eddy.Edifact", "Eddy.Edifact\Eddy.Edifact.csproj", "{32E7B730-EE8B-46D0-8B61-5A7ED73CD026}"
EndProject
Project("{9A19103F-16F7-4668-BE54-9A1E7A4F7556}") = "Eddy.Edifact.Tests", "Eddy.Edifact.Tests\Eddy.Edifact.Tests.csproj", "{15E5C22A-130D-4FBE-91B9-3EB0B3B24C04}"
EndProject
Project("{9A19103F-16F7-4668-BE54-9A1E7A4F7556}") = "Eddy.X12.Tests.Passing", "Eddy.X12.Tests.Passing\Eddy.X12.Tests.Passing.csproj", "{A85389FC-D37A-40EC-B544-296D31276958}"
EndProject
Project("{2150E333-8FDC-42A3-9474-1A3956D46DE8}") = "x12", "x12", "{7097943A-5EE3-4101-93A9-E09C527B5B9C}"
EndProject
Project("{9A19103F-16F7-4668-BE54-9A1E7A4F7556}") = "Eddy.x12.DomainModels.Transportation", "Eddy.x12.DomainModels.Transportation\Eddy.x12.DomainModels.Transportation.csproj", "{F515A3DD-E6EC-45C5-9D41-FC2E05784136}"
EndProject
Project("{2150E333-8FDC-42A3-9474-1A3956D46DE8}") = "EdiFact", "EdiFact", "{E5B3DD37-CC52-4DA8-900B-06233F82D45A}"
EndProject
Project("{9A19103F-16F7-4668-BE54-9A1E7A4F7556}") = "My214Parser", "My214Parser\My214Parser.csproj", "{B9E9434F-9627-4685-9C44-3139F346F2F9}"
EndProject
Global
	GlobalSection(SolutionConfigurationPlatforms) = preSolution
		Debug|Any CPU = Debug|Any CPU
		Release|Any CPU = Release|Any CPU
	EndGlobalSection
	GlobalSection(ProjectConfigurationPlatforms) = postSolution
		{39ABDACE-EF96-4FB0-85F7-06C32CC2BCAF}.Debug|Any CPU.ActiveCfg = Debug|Any CPU
		{39ABDACE-EF96-4FB0-85F7-06C32CC2BCAF}.Debug|Any CPU.Build.0 = Debug|Any CPU
		{39ABDACE-EF96-4FB0-85F7-06C32CC2BCAF}.Release|Any CPU.ActiveCfg = Release|Any CPU
		{39ABDACE-EF96-4FB0-85F7-06C32CC2BCAF}.Release|Any CPU.Build.0 = Release|Any CPU
		{ACB06F72-B5CA-4124-9CF4-CE58DAE6EF14}.Debug|Any CPU.ActiveCfg = Debug|Any CPU
		{ACB06F72-B5CA-4124-9CF4-CE58DAE6EF14}.Debug|Any CPU.Build.0 = Debug|Any CPU
		{ACB06F72-B5CA-4124-9CF4-CE58DAE6EF14}.Release|Any CPU.ActiveCfg = Release|Any CPU
		{ACB06F72-B5CA-4124-9CF4-CE58DAE6EF14}.Release|Any CPU.Build.0 = Release|Any CPU
		{AE199C3F-3F66-4880-8196-82C4947FB2DF}.Debug|Any CPU.ActiveCfg = Debug|Any CPU
		{AE199C3F-3F66-4880-8196-82C4947FB2DF}.Debug|Any CPU.Build.0 = Debug|Any CPU
		{AE199C3F-3F66-4880-8196-82C4947FB2DF}.Release|Any CPU.ActiveCfg = Release|Any CPU
		{AE199C3F-3F66-4880-8196-82C4947FB2DF}.Release|Any CPU.Build.0 = Release|Any CPU
		{A451B438-2CFF-4FD7-8D75-44FF21740807}.Debug|Any CPU.ActiveCfg = Debug|Any CPU
		{A451B438-2CFF-4FD7-8D75-44FF21740807}.Debug|Any CPU.Build.0 = Debug|Any CPU
		{A451B438-2CFF-4FD7-8D75-44FF21740807}.Release|Any CPU.ActiveCfg = Release|Any CPU
		{A451B438-2CFF-4FD7-8D75-44FF21740807}.Release|Any CPU.Build.0 = Release|Any CPU
		{65716958-B8F1-45D6-A4DB-593587C1BF02}.Debug|Any CPU.ActiveCfg = Debug|Any CPU
		{65716958-B8F1-45D6-A4DB-593587C1BF02}.Debug|Any CPU.Build.0 = Debug|Any CPU
		{65716958-B8F1-45D6-A4DB-593587C1BF02}.Release|Any CPU.ActiveCfg = Release|Any CPU
		{65716958-B8F1-45D6-A4DB-593587C1BF02}.Release|Any CPU.Build.0 = Release|Any CPU
		{3E536632-D58C-49EB-866F-550296EB4881}.Debug|Any CPU.ActiveCfg = Debug|Any CPU
		{3E536632-D58C-49EB-866F-550296EB4881}.Debug|Any CPU.Build.0 = Debug|Any CPU
		{3E536632-D58C-49EB-866F-550296EB4881}.Release|Any CPU.ActiveCfg = Release|Any CPU
		{3E536632-D58C-49EB-866F-550296EB4881}.Release|Any CPU.Build.0 = Release|Any CPU
		{95C81A0A-7A37-4226-A225-928E20DE91B6}.Debug|Any CPU.ActiveCfg = Debug|Any CPU
		{95C81A0A-7A37-4226-A225-928E20DE91B6}.Debug|Any CPU.Build.0 = Debug|Any CPU
		{95C81A0A-7A37-4226-A225-928E20DE91B6}.Release|Any CPU.ActiveCfg = Release|Any CPU
		{95C81A0A-7A37-4226-A225-928E20DE91B6}.Release|Any CPU.Build.0 = Release|Any CPU
		{32E7B730-EE8B-46D0-8B61-5A7ED73CD026}.Debug|Any CPU.ActiveCfg = Debug|Any CPU
		{32E7B730-EE8B-46D0-8B61-5A7ED73CD026}.Debug|Any CPU.Build.0 = Debug|Any CPU
		{32E7B730-EE8B-46D0-8B61-5A7ED73CD026}.Release|Any CPU.ActiveCfg = Release|Any CPU
		{32E7B730-EE8B-46D0-8B61-5A7ED73CD026}.Release|Any CPU.Build.0 = Release|Any CPU
		{15E5C22A-130D-4FBE-91B9-3EB0B3B24C04}.Debug|Any CPU.ActiveCfg = Debug|Any CPU
		{15E5C22A-130D-4FBE-91B9-3EB0B3B24C04}.Debug|Any CPU.Build.0 = Debug|Any CPU
		{15E5C22A-130D-4FBE-91B9-3EB0B3B24C04}.Release|Any CPU.ActiveCfg = Release|Any CPU
		{15E5C22A-130D-4FBE-91B9-3EB0B3B24C04}.Release|Any CPU.Build.0 = Release|Any CPU
		{A85389FC-D37A-40EC-B544-296D31276958}.Debug|Any CPU.ActiveCfg = Debug|Any CPU
		{A85389FC-D37A-40EC-B544-296D31276958}.Debug|Any CPU.Build.0 = Debug|Any CPU
		{A85389FC-D37A-40EC-B544-296D31276958}.Release|Any CPU.ActiveCfg = Release|Any CPU
		{A85389FC-D37A-40EC-B544-296D31276958}.Release|Any CPU.Build.0 = Release|Any CPU
		{F515A3DD-E6EC-45C5-9D41-FC2E05784136}.Debug|Any CPU.ActiveCfg = Debug|Any CPU
		{F515A3DD-E6EC-45C5-9D41-FC2E05784136}.Debug|Any CPU.Build.0 = Debug|Any CPU
		{F515A3DD-E6EC-45C5-9D41-FC2E05784136}.Release|Any CPU.ActiveCfg = Release|Any CPU
		{F515A3DD-E6EC-45C5-9D41-FC2E05784136}.Release|Any CPU.Build.0 = Release|Any CPU
		{B9E9434F-9627-4685-9C44-3139F346F2F9}.Debug|Any CPU.ActiveCfg = Debug|Any CPU
		{B9E9434F-9627-4685-9C44-3139F346F2F9}.Debug|Any CPU.Build.0 = Debug|Any CPU
		{B9E9434F-9627-4685-9C44-3139F346F2F9}.Release|Any CPU.ActiveCfg = Release|Any CPU
		{B9E9434F-9627-4685-9C44-3139F346F2F9}.Release|Any CPU.Build.0 = Release|Any CPU
	EndGlobalSection
	GlobalSection(SolutionProperties) = preSolution
		HideSolutionNode = FALSE
	EndGlobalSection
	GlobalSection(NestedProjects) = preSolution
		{A451B438-2CFF-4FD7-8D75-44FF21740807} = {7097943A-5EE3-4101-93A9-E09C527B5B9C}
		{65716958-B8F1-45D6-A4DB-593587C1BF02} = {7097943A-5EE3-4101-93A9-E09C527B5B9C}
		{95C81A0A-7A37-4226-A225-928E20DE91B6} = {7097943A-5EE3-4101-93A9-E09C527B5B9C}
		{32E7B730-EE8B-46D0-8B61-5A7ED73CD026} = {E5B3DD37-CC52-4DA8-900B-06233F82D45A}
		{15E5C22A-130D-4FBE-91B9-3EB0B3B24C04} = {E5B3DD37-CC52-4DA8-900B-06233F82D45A}
		{A85389FC-D37A-40EC-B544-296D31276958} = {7097943A-5EE3-4101-93A9-E09C527B5B9C}
		{F515A3DD-E6EC-45C5-9D41-FC2E05784136} = {7097943A-5EE3-4101-93A9-E09C527B5B9C}
	EndGlobalSection
	GlobalSection(ExtensibilityGlobals) = postSolution
		SolutionGuid = {D58D1717-CF45-42BE-B5EE-1349EE67A48C}
	EndGlobalSection
EndGlobal
